
Microsoft Visual Studio Solution File, Format Version 12.00
# Visual Studio Version 17
VisualStudioVersion = 17.8.34330.188
MinimumVisualStudioVersion = 10.0.40219.1
Project("{8BC9CEB8-8B4A-11D0-8D11-00A0C91BC942}") = "Gif_Maker", "Gif_Maker\Gif_Maker.vcxproj", "{8327F399-2369-4EBA-93D9-B8B4FD23566E}"
EndProject
Global
	GlobalSection(SolutionConfigurationPlatforms) = preSolution
		Debug|x64 = Debug|x64
		Debug|x86 = Debug|x86
		Release|x64 = Release|x64
		Release|x86 = Release|x86
	EndGlobalSection
	GlobalSection(ProjectConfigurationPlatforms) = postSolution
		{8327F399-2369-4EBA-93D9-B8B4FD23566E}.Debug|x64.ActiveCfg = Debug|x64
		{8327F399-2369-4EBA-93D9-B8B4FD23566E}.Debug|x64.Build.0 = Debug|x64
		{8327F399-2369-4EBA-93D9-B8B4FD23566E}.Debug|x86.ActiveCfg = Debug|Win32
		{8327F399-2369-4EBA-93D9-B8B4FD23566E}.Debug|x86.Build.0 = Debug|Win32
		{8327F399-2369-4EBA-93D9-B8B4FD23566E}.Release|x64.ActiveCfg = Release|x64
		{8327F399-2369-4EBA-93D9-B8B4FD23566E}.Release|x64.Build.0 = Release|x64
		{8327F399-2369-4EBA-93D9-B8B4FD23566E}.Release|x86.ActiveCfg = Release|Win32
		{8327F399-2369-4EBA-93D9-B8B4FD23566E}.Release|x86.Build.0 = Release|Win32
	EndGlobalSection
	GlobalSection(SolutionProperties) = preSolution
		HideSolutionNode = FALSE
	EndGlobalSection
	GlobalSection(ExtensibilityGlobals) = postSolution
		SolutionGuid = {AB30315F-1AEE-4B51-A634-FD1D85684310}
	EndGlobalSection
EndGlobal
